<?xml version="1.0" encoding="utf-8"?>
<Project ToolsVersion="4.0" xmlns="http://schemas.microsoft.com/developer/msbuild/2003">
  <ItemGroup>
    <Filter Include="Source Files">
      <UniqueIdentifier>{4FC737F1-C7A5-4376-A066-2A32D752A2FF}</UniqueIdentifier>
      <Extensions>cpp;c;cc;cxx;def;odl;idl;hpj;bat;asm;asmx</Extensions>
    </Filter>
    <Filter Include="Header Files">
      <UniqueIdentifier>{93995380-89BD-4b04-88EB-625FBE52EBFB}</UniqueIdentifier>
      <Extensions>h;hpp;hxx;hm;inl;inc;xsd</Extensions>
    </Filter>
    <Filter Include="Resource Files">
      <UniqueIdentifier>{67DA6AB6-F800-4c08-8B7A-83BB121AAD01}</UniqueIdentifier>
      <Extensions>rc;ico;cur;bmp;dlg;rc2;rct;bin;rgs;gif;jpg;jpeg;jpe;resx;tiff;tif;png;wav;mfcribbon-ms</Extensions>
    </Filter>
    <Filter Include="Shared Headers">
      <UniqueIdentifier>{3f71d72a-a501-4087-9ddd-8803e0eb3a23}</UniqueIdentifier>
    </Filter>
    <Filter Include="TinyXml">
      <UniqueIdentifier>{11ee2e01-af3e-458b-95f6-5a7021d07e94}</UniqueIdentifier>
    </Filter>
    <Filter Include="Shared Headers\Math">
      <UniqueIdentifier>{d19b12cb-c38c-42b7-856a-efeb70685a30}</UniqueIdentifier>
    </Filter>
    <Filter Include="Header Files\Engine">
      <UniqueIdentifier>{a5480e34-0232-40bd-b6da-6bd92f064bc0}</UniqueIdentifier>
    </Filter>
    <Filter Include="Source Files\Engine">
      <UniqueIdentifier>{43145b7d-535f-4036-ad93-2e998803252f}</UniqueIdentifier>
    </Filter>
    <Filter Include="Header Files\Engine\Geometry">
      <UniqueIdentifier>{cc4661da-1244-4b92-978b-03c683668b51}</UniqueIdentifier>
    </Filter>
    <Filter Include="Header Files\Engine\Template Support">
      <UniqueIdentifier>{3abed8e6-f7e8-4e71-8bd8-bde208727407}</UniqueIdentifier>
    </Filter>
  </ItemGroup>
  <ItemGroup>
    <ClInclude Include="..\..\src\core\headers.h">
      <Filter>Header Files</Filter>
    </ClInclude>
    <ClInclude Include="..\..\src\include\RaytraceCamera.h">
      <Filter>Shared Headers</Filter>
    </ClInclude>
    <ClInclude Include="..\..\src\include\RaytraceObject.h">
      <Filter>Shared Headers</Filter>
    </ClInclude>
    <ClInclude Include="..\..\src\include\RaytraceXmlParser.h">
      <Filter>Shared Headers</Filter>
    </ClInclude>
    <ClInclude Include="..\..\src\include\RaytraceScene.h">
      <Filter>Shared Headers</Filter>
    </ClInclude>
    <ClInclude Include="..\..\src\include\RaytraceOutput.h">
      <Filter>Shared Headers</Filter>
    </ClInclude>
    <ClInclude Include="..\..\src\include\RaytraceCommon.h">
      <Filter>Shared Headers</Filter>
    </ClInclude>
    <ClInclude Include="..\..\src\include\RaytracePropertySet.h">
      <Filter>Shared Headers</Filter>
    </ClInclude>
    <ClInclude Include="..\..\src\core\SceneImp.h">
      <Filter>Header Files</Filter>
    </ClInclude>
    <ClInclude Include="..\..\src\core\XmlParserImp.h">
      <Filter>Header Files</Filter>
    </ClInclude>
    <ClInclude Include="..\..\src\core\PropertySetImp.h">
      <Filter>Header Files</Filter>
    </ClInclude>
    <ClInclude Include="..\..\src\TinyXml\tinystr.h">
      <Filter>TinyXml</Filter>
    </ClInclude>
    <ClInclude Include="..\..\src\TinyXml\tinyxml.h">
      <Filter>TinyXml</Filter>
    </ClInclude>
    <ClInclude Include="..\..\src\include\RaytraceTriMesh.h">
      <Filter>Shared Headers</Filter>
    </ClInclude>
    <ClInclude Include="..\..\src\include\RaytraceMaterial.h">
      <Filter>Shared Headers</Filter>
    </ClInclude>
    <ClInclude Include="..\..\src\core\MaterialImp.h">
      <Filter>Header Files</Filter>
    </ClInclude>
    <ClInclude Include="..\..\src\core\CameraImp.h">
      <Filter>Header Files</Filter>
    </ClInclude>
    <ClInclude Include="..\..\src\core\TriMeshImp.h">
      <Filter>Header Files</Filter>
    </ClInclude>
    <ClInclude Include="..\..\src\core\OutputImp.h">
      <Filter>Header Files</Filter>
    </ClInclude>
    <ClInclude Include="..\..\src\core\ObjectImp.h">
      <Filter>Header Files</Filter>
    </ClInclude>
    <ClInclude Include="..\..\src\core\ObjectContainerImp.h">
      <Filter>Header Files</Filter>
    </ClInclude>
    <ClInclude Include="..\..\src\include\Math\Binary.h">
      <Filter>Shared Headers\Math</Filter>
    </ClInclude>
    <ClInclude Include="..\..\src\include\Math\MathTypes.h">
      <Filter>Shared Headers\Math</Filter>
    </ClInclude>
    <ClInclude Include="..\..\src\include\Math\Matrix4.h">
      <Filter>Shared Headers\Math</Filter>
    </ClInclude>
    <ClInclude Include="..\..\src\include\Math\Quaternion.h">
      <Filter>Shared Headers\Math</Filter>
    </ClInclude>
    <ClInclude Include="..\..\src\include\Math\Vector2.h">
      <Filter>Shared Headers\Math</Filter>
    </ClInclude>
    <ClInclude Include="..\..\src\include\Math\Vector3.h">
      <Filter>Shared Headers\Math</Filter>
    </ClInclude>
    <ClInclude Include="..\..\src\include\Math\Vector4.h">
      <Filter>Shared Headers\Math</Filter>
    </ClInclude>
    <ClInclude Include="..\..\src\core\BaseImp.h">
      <Filter>Header Files</Filter>
    </ClInclude>
    <ClInclude Include="..\..\src\core\DummyEngine.h">
      <Filter>Header Files\Engine</Filter>
    </ClInclude>
    <ClInclude Include="..\..\src\core\EngineBase.h">
      <Filter>Header Files\Engine</Filter>
    </ClInclude>
    <ClInclude Include="..\..\src\core\Engines.h">
      <Filter>Header Files\Engine</Filter>
    </ClInclude>
    <ClInclude Include="..\..\src\core\ImageWriter.h">
      <Filter>Header Files\Engine</Filter>
    </ClInclude>
    <ClInclude Include="..\..\src\core\SimpleGenerator.h">
      <Filter>Header Files\Engine</Filter>
    </ClInclude>
    <ClInclude Include="..\..\src\core\SimpleIntersector.h">
      <Filter>Header Files\Engine</Filter>
    </ClInclude>
    <ClInclude Include="..\..\src\core\WhittedShader.h">
      <Filter>Header Files\Engine</Filter>
    </ClInclude>
    <ClInclude Include="..\..\src\core\ConcurrentStorage.h">
      <Filter>Header Files\Engine</Filter>
    </ClInclude>
    <ClInclude Include="..\..\src\include\Math\InterlockedFunctions.h">
      <Filter>Shared Headers\Math</Filter>
    </ClInclude>
    <ClInclude Include="..\..\src\include\Math\Triangle.h">
      <Filter>Shared Headers\Math</Filter>
    </ClInclude>
    <ClInclude Include="..\..\src\include\Math\Ray.h">
      <Filter>Shared Headers\Math</Filter>
    </ClInclude>
    <ClInclude Include="..\..\src\include\Math\VectorBase.h">
      <Filter>Shared Headers\Math</Filter>
    </ClInclude>
    <ClInclude Include="..\..\src\core\MathHelper.h">
      <Filter>Header Files\Engine</Filter>
    </ClInclude>
    <ClInclude Include="..\..\src\core\SceneReader.h">
      <Filter>Header Files\Engine</Filter>
    </ClInclude>
    <ClInclude Include="..\..\src\core\BVH.h">
      <Filter>Header Files\Engine</Filter>
    </ClInclude>
    <ClInclude Include="..\..\src\core\BVHIntersector.h">
      <Filter>Header Files\Engine</Filter>
    </ClInclude>
    <ClInclude Include="..\..\src\core\RayData.h">
      <Filter>Header Files\Engine</Filter>
    </ClInclude>
    <ClInclude Include="..\..\src\Core\SampleData.h">
      <Filter>Header Files\Engine</Filter>
    </ClInclude>
    <ClInclude Include="..\..\src\include\types.h">
      <Filter>Shared Headers</Filter>
    </ClInclude>
    <ClInclude Include="..\..\src\include\preproc.h">
      <Filter>Shared Headers</Filter>
    </ClInclude>
    <ClInclude Include="..\..\src\Core\SIMDType.h">
      <Filter>Header Files\Engine</Filter>
    </ClInclude>
    <ClInclude Include="..\..\src\Core\BVHConstructor.h">
      <Filter>Header Files\Engine</Filter>
    </ClInclude>
    <ClInclude Include="..\..\src\Core\PoissonDiscSampler.h">
      <Filter>Header Files\Engine</Filter>
    </ClInclude>
    <ClInclude Include="..\..\src\core\AABB.h">
      <Filter>Header Files\Engine\Geometry</Filter>
    </ClInclude>
    <ClInclude Include="..\..\src\core\Ray.h">
      <Filter>Header Files\Engine\Geometry</Filter>
    </ClInclude>
    <ClInclude Include="..\..\src\core\Triangle.h">
      <Filter>Header Files\Engine\Geometry</Filter>
    </ClInclude>
    <ClInclude Include="..\..\src\Core\RayAABBIntersection.h">
      <Filter>Header Files\Engine\Geometry</Filter>
    </ClInclude>
    <ClInclude Include="..\..\src\Core\RayTriangleIntersection.h">
      <Filter>Header Files\Engine\Geometry</Filter>
    </ClInclude>
    <ClInclude Include="..\..\src\Core\TemplateOptions.h">
      <Filter>Header Files\Engine\Template Support</Filter>
    </ClInclude>
    <ClInclude Include="..\..\src\Core\IntersectorBase.h">
      <Filter>Header Files\Engine\Geometry</Filter>
    </ClInclude>
  </ItemGroup>
  <ItemGroup>
    <ClCompile Include="..\..\src\core\ResultDefinitions.cpp">
      <Filter>Source Files</Filter>
    </ClCompile>
    <ClCompile Include="..\..\src\core\ObjectTypeDefinitions.cpp">
      <Filter>Source Files</Filter>
    </ClCompile>
    <ClCompile Include="..\..\src\core\SceneImp.cpp">
      <Filter>Source Files</Filter>
    </ClCompile>
    <ClCompile Include="..\..\src\core\XmlParserImp.cpp">
      <Filter>Source Files</Filter>
    </ClCompile>
    <ClCompile Include="..\..\src\TinyXml\tinystr.cpp">
      <Filter>TinyXml</Filter>
    </ClCompile>
    <ClCompile Include="..\..\src\TinyXml\tinyxml.cpp">
      <Filter>TinyXml</Filter>
    </ClCompile>
    <ClCompile Include="..\..\src\TinyXml\tinyxmlerror.cpp">
      <Filter>TinyXml</Filter>
    </ClCompile>
    <ClCompile Include="..\..\src\TinyXml\tinyxmlparser.cpp">
      <Filter>TinyXml</Filter>
    </ClCompile>
    <ClCompile Include="..\..\src\core\headers.cpp">
      <Filter>Source Files</Filter>
    </ClCompile>
    <ClCompile Include="..\..\src\core\CameraImp.cpp">
      <Filter>Source Files</Filter>
    </ClCompile>
    <ClCompile Include="..\..\src\core\MaterialImp.cpp">
      <Filter>Source Files</Filter>
    </ClCompile>
    <ClCompile Include="..\..\src\core\OutputImp.cpp">
      <Filter>Source Files</Filter>
    </ClCompile>
    <ClCompile Include="..\..\src\core\TriMeshImp.cpp">
      <Filter>Source Files</Filter>
    </ClCompile>
    <ClCompile Include="..\..\src\core\DummyEngine.cpp">
      <Filter>Source Files\Engine</Filter>
    </ClCompile>
    <ClCompile Include="..\..\src\core\EngineBase.cpp">
      <Filter>Source Files\Engine</Filter>
    </ClCompile>
    <ClCompile Include="..\..\src\core\SimpleEngine.cpp">
      <Filter>Source Files\Engine</Filter>
    </ClCompile>
    <ClCompile Include="..\..\src\core\ImageWriter.cpp">
      <Filter>Source Files\Engine</Filter>
    </ClCompile>
    <ClCompile Include="..\..\src\Core\FastEngine.cpp">
      <Filter>Source Files\Engine</Filter>
    </ClCompile>
  </ItemGroup>
  <ItemGroup>
    <None Include="ClassDiagram1.cd" />
  </ItemGroup>
</Project>