<?xml version="1.0" encoding="utf-8"?>
<Project ToolsVersion="4.0" xmlns="http://schemas.microsoft.com/developer/msbuild/2003">
  <ItemGroup>
    <Filter Include="Source Files">
      <UniqueIdentifier>{4FC737F1-C7A5-4376-A066-2A32D752A2FF}</UniqueIdentifier>
      <Extensions>cpp;cxx;c;def</Extensions>
    </Filter>
    <Filter Include="Header Files">
      <UniqueIdentifier>{93995380-89BD-4b04-88EB-625FBE52EBFB}</UniqueIdentifier>
      <Extensions>h</Extensions>
    </Filter>
    <Filter Include="Form Files">
      <UniqueIdentifier>{99349809-55BA-4b9d-BF79-8FDBB0286EB3}</UniqueIdentifier>
      <Extensions>ui</Extensions>
    </Filter>
    <Filter Include="Resource Files">
      <UniqueIdentifier>{D9D6E242-F8AF-46E4-B9FD-80ECBC20BA3E}</UniqueIdentifier>
      <Extensions>qrc;*</Extensions>
      <ParseFiles>false</ParseFiles>
    </Filter>
    <Filter Include="Generated Files">
      <UniqueIdentifier>{71ED8ED8-ACB9-4CE9-BBE1-E00B30144E11}</UniqueIdentifier>
      <Extensions>moc;h;cpp</Extensions>
      <SourceControlFiles>False</SourceControlFiles>
    </Filter>
    <Filter Include="Windows">
      <UniqueIdentifier>{926ad6cc-49a0-4fa1-95be-9266c2cfd3af}</UniqueIdentifier>
    </Filter>
    <Filter Include="Generated Files\Debug_Win32">
      <UniqueIdentifier>{ce74829f-c826-4225-bbb7-b38e951d5218}</UniqueIdentifier>
      <Extensions>cpp;moc</Extensions>
      <SourceControlFiles>False</SourceControlFiles>
    </Filter>
    <Filter Include="Generated Files\Release_Win32">
      <UniqueIdentifier>{bb061c8f-3ab7-49ec-b38b-e9a5c5e886b9}</UniqueIdentifier>
      <Extensions>cpp;moc</Extensions>
      <SourceControlFiles>False</SourceControlFiles>
    </Filter>
    <Filter Include="Generated Files\IntelRelease_Win32">
      <UniqueIdentifier>{6d5fb44f-e36c-4ebd-b673-a985f2202056}</UniqueIdentifier>
    </Filter>
    <Filter Include="Generated Files\Debug_Win64">
      <UniqueIdentifier>{907f9ca9-6047-4e37-9988-ebb7167afc28}</UniqueIdentifier>
    </Filter>
    <Filter Include="Generated Files\Release_Win64">
      <UniqueIdentifier>{ccf2ca84-528e-45b5-8344-cd3dbf9df59a}</UniqueIdentifier>
    </Filter>
    <Filter Include="Generated Files\IntelRelease_Win64">
      <UniqueIdentifier>{2680290f-3c03-4c8d-8c7f-affc058a54b6}</UniqueIdentifier>
    </Filter>
  </ItemGroup>
  <ItemGroup>
    <ClCompile Include="..\..\src\ui\raytracegui.cpp">
      <Filter>Source Files</Filter>
    </ClCompile>
    <ClCompile Include="..\..\src\ui\main.cpp">
      <Filter>Source Files</Filter>
    </ClCompile>
    <ClCompile Include="..\..\src\ui\headers.cpp">
      <Filter>Source Files</Filter>
    </ClCompile>
    <ClCompile Include="..\..\temp\RaytraceGUI\Win32\Debug\Moc\moc_raytracegui.cpp">
      <Filter>Generated Files\Debug_Win32</Filter>
    </ClCompile>
    <ClCompile Include="..\..\temp\RaytraceGUI\Win32\Release\Moc\moc_raytracegui.cpp">
      <Filter>Generated Files\Release_Win32</Filter>
    </ClCompile>
    <ClCompile Include="..\..\temp\RaytraceGUI\$(PlatformName)\$(ConfigurationName)\Rcc\qrc_raytracegui.cpp">
      <Filter>Generated Files</Filter>
    </ClCompile>
    <ClCompile Include="..\..\temp\RaytraceGUI\Win32\ReleaseIntel\Moc\moc_raytracegui.cpp">
      <Filter>Generated Files\IntelRelease_Win32</Filter>
    </ClCompile>
    <ClCompile Include="..\..\temp\RaytraceGUI\x64\Debug\Moc\moc_raytracegui.cpp">
      <Filter>Generated Files\Debug_Win64</Filter>
    </ClCompile>
  </ItemGroup>
  <ItemGroup>
    <CustomBuild Include="..\..\src\ui\raytracegui.h">
      <Filter>Header Files</Filter>
    </CustomBuild>
    <CustomBuild Include="..\..\src\ui\raytracegui.qrc">
      <Filter>Resource Files</Filter>
    </CustomBuild>
    <CustomBuild Include="..\..\src\ui\raytracegui.ui">
      <Filter>Form Files</Filter>
    </CustomBuild>
  </ItemGroup>
  <ItemGroup>
    <ClInclude Include="..\..\src\ui\headers.h">
      <Filter>Header Files</Filter>
    </ClInclude>
    <ClInclude Include="..\..\temp\RaytraceGUI\$(PlatformName)\$(ConfigurationName)\Uic\ui_raytracegui.h">
      <Filter>Generated Files</Filter>
    </ClInclude>
  </ItemGroup>
  <ItemGroup>
    <None Include="..\..\src\ui\win32\RaytraceGUI.ico">
      <Filter>Windows</Filter>
    </None>
  </ItemGroup>
  <ItemGroup>
    <ResourceCompile Include="..\..\src\ui\win32\RaytraceGUI.rc">
      <Filter>Windows</Filter>
    </ResourceCompile>
  </ItemGroup>
</Project>